PODS:
  - Charts (3.2.2):
    - Charts/Core (= 3.2.2)
  - Charts/Core (3.2.2)
  - EmptyDataSet-Swift (4.2.0)
  - Eureka (4.3.1)
  - Realm (3.12.0):
    - Realm/Headers (= 3.12.0)
  - Realm/Headers (3.12.0)
  - RealmSwift (3.12.0):
    - Realm (= 3.12.0)
  - SimpleImageViewer (1.1.1)
  - SVProgressHUD (2.2.5)
  - SwiftyPickerPopover (6.6.5)

DEPENDENCIES:
  - Charts
  - EmptyDataSet-Swift (~> 4.2.0)
  - Eureka
  - RealmSwift
  - SimpleImageViewer (~> 1.1.1)
  - SVProgressHUD
  - SwiftyPickerPopover

SPEC REPOS:
  https://github.com/cocoapods/specs.git:
    - Charts
    - EmptyDataSet-Swift
    - Eureka
    - Realm
    - RealmSwift
    - SimpleImageViewer
    - SVProgressHUD
    - SwiftyPickerPopover

SPEC CHECKSUMS:
  Charts: f69cf0518b6d1d62608ca504248f1bbe0b6ae77e
  EmptyDataSet-Swift: 1fa0b35f530a35f852ecb2b53564728b0c300aaf
  Eureka: 28ea296f06710f6745266b71f17862048941a32d
  Realm: cdaef23c4ddb36ab1ddffed23f5a7f3332fc5585
  RealmSwift: 5576324033f0aa5ef1e0a839a3da2281dff47a7f
  SimpleImageViewer: 34c3a2cde2d9ac022146772cefc27fca14b0c8b1
  SVProgressHUD: 1428aafac632c1f86f62aa4243ec12008d7a51d6
  SwiftyPickerPopover: f2975fd0233d04c0a8f8d52d09b6f24b882de6fb

PODFILE CHECKSUM: a0d6cff63933653bb6786835aeb602bc2ec2a222

COCOAPODS: 1.6.0
