// !$*UTF8*$!
{
	archiveVersion = 1;
	classes = {
	};
	objectVersion = 50;
	objects = {

/* Begin PBXBuildFile section */
		1177D87F21EFC30200DD9AD8 /* PickCategoryViewController.swift in Sources */ = {isa = PBXBuildFile; fileRef = 1177D87E21EFC30200DD9AD8 /* PickCategoryViewController.swift */; };
		117905B421E391980019EEAA /* AppDelegate.swift in Sources */ = {isa = PBXBuildFile; fileRef = 117905B321E391980019EEAA /* AppDelegate.swift */; };
		117905B921E391980019EEAA /* Main.storyboard in Resources */ = {isa = PBXBuildFile; fileRef = 117905B721E391980019EEAA /* Main.storyboard */; };
		117905BB21E3919A0019EEAA /* Assets.xcassets in Resources */ = {isa = PBXBuildFile; fileRef = 117905BA21E3919A0019EEAA /* Assets.xcassets */; };
		117905BE21E3919A0019EEAA /* LaunchScreen.storyboard in Resources */ = {isa = PBXBuildFile; fileRef = 117905BC21E3919A0019EEAA /* LaunchScreen.storyboard */; };
		117905CA21E3DBD90019EEAA /* Receipt.swift in Sources */ = {isa = PBXBuildFile; fileRef = 117905C921E3DBD90019EEAA /* Receipt.swift */; };
		117905CC21E3DD820019EEAA /* Category.swift in Sources */ = {isa = PBXBuildFile; fileRef = 117905CB21E3DD820019EEAA /* Category.swift */; };
		1179060021E5AAA50019EEAA /* AllReceiptsTableViewController.swift in Sources */ = {isa = PBXBuildFile; fileRef = 117905FF21E5AAA50019EEAA /* AllReceiptsTableViewController.swift */; };
		1179060221E5AEC30019EEAA /* RealmConfig.swift in Sources */ = {isa = PBXBuildFile; fileRef = 1179060121E5AEC30019EEAA /* RealmConfig.swift */; };
		1179060421E5B9540019EEAA /* AddOrEditReceiptViewController.swift in Sources */ = {isa = PBXBuildFile; fileRef = 1179060321E5B9540019EEAA /* AddOrEditReceiptViewController.swift */; };
		1179060721E6F8860019EEAA /* ImageService.swift in Sources */ = {isa = PBXBuildFile; fileRef = 1179060621E6F8860019EEAA /* ImageService.swift */; };
		1179060921E788220019EEAA /* UIService.swift in Sources */ = {isa = PBXBuildFile; fileRef = 1179060821E788220019EEAA /* UIService.swift */; };
		1179060C21E78C150019EEAA /* ReceiptTableViewCell.swift in Sources */ = {isa = PBXBuildFile; fileRef = 1179060A21E78C150019EEAA /* ReceiptTableViewCell.swift */; };
		1179060D21E78C150019EEAA /* ReceiptTableViewCell.xib in Resources */ = {isa = PBXBuildFile; fileRef = 1179060B21E78C150019EEAA /* ReceiptTableViewCell.xib */; };
		1179060F21E84CD10019EEAA /* TextFormatService.swift in Sources */ = {isa = PBXBuildFile; fileRef = 1179060E21E84CD10019EEAA /* TextFormatService.swift */; };
		1179061121E8D7DB0019EEAA /* ViewReceiptViewController.swift in Sources */ = {isa = PBXBuildFile; fileRef = 1179061021E8D7DB0019EEAA /* ViewReceiptViewController.swift */; };
		1179061321E8F8090019EEAA /* DatabaseService.swift in Sources */ = {isa = PBXBuildFile; fileRef = 1179061221E8F8090019EEAA /* DatabaseService.swift */; };
		CE9E8CE33B597F78416F2287 /* Pods_KeepReceipt.framework in Frameworks */ = {isa = PBXBuildFile; fileRef = 64C013AC9315C3515CB64F4A /* Pods_KeepReceipt.framework */; };
/* End PBXBuildFile section */

/* Begin PBXFileReference section */
		10CBB929F2160907E4CE89E3 /* Pods-KeepReceipt.debug.xcconfig */ = {isa = PBXFileReference; includeInIndex = 1; lastKnownFileType = text.xcconfig; name = "Pods-KeepReceipt.debug.xcconfig"; path = "Pods/Target Support Files/Pods-KeepReceipt/Pods-KeepReceipt.debug.xcconfig"; sourceTree = "<group>"; };
		1177D87E21EFC30200DD9AD8 /* PickCategoryViewController.swift */ = {isa = PBXFileReference; lastKnownFileType = sourcecode.swift; path = PickCategoryViewController.swift; sourceTree = "<group>"; };
		117905B021E391980019EEAA /* KeepReceipt.app */ = {isa = PBXFileReference; explicitFileType = wrapper.application; includeInIndex = 0; path = KeepReceipt.app; sourceTree = BUILT_PRODUCTS_DIR; };
		117905B321E391980019EEAA /* AppDelegate.swift */ = {isa = PBXFileReference; lastKnownFileType = sourcecode.swift; path = AppDelegate.swift; sourceTree = "<group>"; };
		117905B821E391980019EEAA /* Base */ = {isa = PBXFileReference; lastKnownFileType = file.storyboard; name = Base; path = Base.lproj/Main.storyboard; sourceTree = "<group>"; };
		117905BA21E3919A0019EEAA /* Assets.xcassets */ = {isa = PBXFileReference; lastKnownFileType = folder.assetcatalog; path = Assets.xcassets; sourceTree = "<group>"; };
		117905BD21E3919A0019EEAA /* Base */ = {isa = PBXFileReference; lastKnownFileType = file.storyboard; name = Base; path = Base.lproj/LaunchScreen.storyboard; sourceTree = "<group>"; };
		117905BF21E3919A0019EEAA /* Info.plist */ = {isa = PBXFileReference; lastKnownFileType = text.plist.xml; path = Info.plist; sourceTree = "<group>"; };
		117905C921E3DBD90019EEAA /* Receipt.swift */ = {isa = PBXFileReference; lastKnownFileType = sourcecode.swift; path = Receipt.swift; sourceTree = "<group>"; };
		117905CB21E3DD820019EEAA /* Category.swift */ = {isa = PBXFileReference; lastKnownFileType = sourcecode.swift; path = Category.swift; sourceTree = "<group>"; };
		117905FF21E5AAA50019EEAA /* AllReceiptsTableViewController.swift */ = {isa = PBXFileReference; lastKnownFileType = sourcecode.swift; path = AllReceiptsTableViewController.swift; sourceTree = "<group>"; };
		1179060121E5AEC30019EEAA /* RealmConfig.swift */ = {isa = PBXFileReference; lastKnownFileType = sourcecode.swift; path = RealmConfig.swift; sourceTree = "<group>"; };
		1179060321E5B9540019EEAA /* AddOrEditReceiptViewController.swift */ = {isa = PBXFileReference; lastKnownFileType = sourcecode.swift; path = AddOrEditReceiptViewController.swift; sourceTree = "<group>"; };
		1179060621E6F8860019EEAA /* ImageService.swift */ = {isa = PBXFileReference; lastKnownFileType = sourcecode.swift; path = ImageService.swift; sourceTree = "<group>"; };
		1179060821E788220019EEAA /* UIService.swift */ = {isa = PBXFileReference; lastKnownFileType = sourcecode.swift; path = UIService.swift; sourceTree = "<group>"; };
		1179060A21E78C150019EEAA /* ReceiptTableViewCell.swift */ = {isa = PBXFileReference; lastKnownFileType = sourcecode.swift; path = ReceiptTableViewCell.swift; sourceTree = "<group>"; };
		1179060B21E78C150019EEAA /* ReceiptTableViewCell.xib */ = {isa = PBXFileReference; lastKnownFileType = file.xib; path = ReceiptTableViewCell.xib; sourceTree = "<group>"; };
		1179060E21E84CD10019EEAA /* TextFormatService.swift */ = {isa = PBXFileReference; lastKnownFileType = sourcecode.swift; path = TextFormatService.swift; sourceTree = "<group>"; };
		1179061021E8D7DB0019EEAA /* ViewReceiptViewController.swift */ = {isa = PBXFileReference; lastKnownFileType = sourcecode.swift; path = ViewReceiptViewController.swift; sourceTree = "<group>"; };
		1179061221E8F8090019EEAA /* DatabaseService.swift */ = {isa = PBXFileReference; lastKnownFileType = sourcecode.swift; path = DatabaseService.swift; sourceTree = "<group>"; };
		64C013AC9315C3515CB64F4A /* Pods_KeepReceipt.framework */ = {isa = PBXFileReference; explicitFileType = wrapper.framework; includeInIndex = 0; path = Pods_KeepReceipt.framework; sourceTree = BUILT_PRODUCTS_DIR; };
		C17B31690DDEB95C096260ED /* Pods-KeepReceipt.release.xcconfig */ = {isa = PBXFileReference; includeInIndex = 1; lastKnownFileType = text.xcconfig; name = "Pods-KeepReceipt.release.xcconfig"; path = "Pods/Target Support Files/Pods-KeepReceipt/Pods-KeepReceipt.release.xcconfig"; sourceTree = "<group>"; };
/* End PBXFileReference section */

/* Begin PBXFrameworksBuildPhase section */
		117905AD21E391980019EEAA /* Frameworks */ = {
			isa = PBXFrameworksBuildPhase;
			buildActionMask = 2147483647;
			files = (
				CE9E8CE33B597F78416F2287 /* Pods_KeepReceipt.framework in Frameworks */,
			);
			runOnlyForDeploymentPostprocessing = 0;
		};
/* End PBXFrameworksBuildPhase section */

/* Begin PBXGroup section */
		117905A721E391980019EEAA = {
			isa = PBXGroup;
			children = (
				117905B221E391980019EEAA /* KeepReceipt */,
				117905B121E391980019EEAA /* Products */,
				DC913A6343938CE1D8F77F60 /* Pods */,
				70585BA05D90DDA4A5B61332 /* Frameworks */,
			);
			sourceTree = "<group>";
		};
		117905B121E391980019EEAA /* Products */ = {
			isa = PBXGroup;
			children = (
				117905B021E391980019EEAA /* KeepReceipt.app */,
			);
			name = Products;
			sourceTree = "<group>";
		};
		117905B221E391980019EEAA /* KeepReceipt */ = {
			isa = PBXGroup;
			children = (
				1179060521E6F8780019EEAA /* Service */,
				117905C821E3DB620019EEAA /* View */,
				117905C721E3DB5A0019EEAA /* Controller */,
				117905C621E3DB4D0019EEAA /* Model */,
				117905B321E391980019EEAA /* AppDelegate.swift */,
				117905B721E391980019EEAA /* Main.storyboard */,
				117905BA21E3919A0019EEAA /* Assets.xcassets */,
				117905BC21E3919A0019EEAA /* LaunchScreen.storyboard */,
				117905BF21E3919A0019EEAA /* Info.plist */,
			);
			path = KeepReceipt;
			sourceTree = "<group>";
		};
		117905C621E3DB4D0019EEAA /* Model */ = {
			isa = PBXGroup;
			children = (
				117905C921E3DBD90019EEAA /* Receipt.swift */,
				117905CB21E3DD820019EEAA /* Category.swift */,
				1179060121E5AEC30019EEAA /* RealmConfig.swift */,
			);
			path = Model;
			sourceTree = "<group>";
		};
		117905C721E3DB5A0019EEAA /* Controller */ = {
			isa = PBXGroup;
			children = (
			);
			path = Controller;
			sourceTree = "<group>";
		};
		117905C821E3DB620019EEAA /* View */ = {
			isa = PBXGroup;
			children = (
				117905FF21E5AAA50019EEAA /* AllReceiptsTableViewController.swift */,
				1179060321E5B9540019EEAA /* AddOrEditReceiptViewController.swift */,
				1179060A21E78C150019EEAA /* ReceiptTableViewCell.swift */,
				1179060B21E78C150019EEAA /* ReceiptTableViewCell.xib */,
				1179061021E8D7DB0019EEAA /* ViewReceiptViewController.swift */,
				1177D87E21EFC30200DD9AD8 /* PickCategoryViewController.swift */,
			);
			path = View;
			sourceTree = "<group>";
		};
		1179060521E6F8780019EEAA /* Service */ = {
			isa = PBXGroup;
			children = (
				1179060621E6F8860019EEAA /* ImageService.swift */,
				1179060821E788220019EEAA /* UIService.swift */,
				1179060E21E84CD10019EEAA /* TextFormatService.swift */,
				1179061221E8F8090019EEAA /* DatabaseService.swift */,
			);
			path = Service;
			sourceTree = "<group>";
		};
		70585BA05D90DDA4A5B61332 /* Frameworks */ = {
			isa = PBXGroup;
			children = (
				64C013AC9315C3515CB64F4A /* Pods_KeepReceipt.framework */,
			);
			name = Frameworks;
			sourceTree = "<group>";
		};
		DC913A6343938CE1D8F77F60 /* Pods */ = {
			isa = PBXGroup;
			children = (
				10CBB929F2160907E4CE89E3 /* Pods-KeepReceipt.debug.xcconfig */,
				C17B31690DDEB95C096260ED /* Pods-KeepReceipt.release.xcconfig */,
			);
			name = Pods;
			sourceTree = "<group>";
		};
/* End PBXGroup section */

/* Begin PBXNativeTarget section */
		117905AF21E391980019EEAA /* KeepReceipt */ = {
			isa = PBXNativeTarget;
			buildConfigurationList = 117905C221E3919A0019EEAA /* Build configuration list for PBXNativeTarget "KeepReceipt" */;
			buildPhases = (
				275F1575D13E32765F1615E5 /* [CP] Check Pods Manifest.lock */,
				117905AC21E391980019EEAA /* Sources */,
				117905AD21E391980019EEAA /* Frameworks */,
				117905AE21E391980019EEAA /* Resources */,
				A08D751AC460BE758741E4DF /* [CP] Embed Pods Frameworks */,
			);
			buildRules = (
			);
			dependencies = (
			);
			name = KeepReceipt;
			productName = KeepReceipt;
			productReference = 117905B021E391980019EEAA /* KeepReceipt.app */;
			productType = "com.apple.product-type.application";
		};
/* End PBXNativeTarget section */

/* Begin PBXProject section */
		117905A821E391980019EEAA /* Project object */ = {
			isa = PBXProject;
			attributes = {
				LastSwiftUpdateCheck = 1010;
				LastUpgradeCheck = 1010;
				ORGANIZATIONNAME = "Frank Jia";
				TargetAttributes = {
					117905AF21E391980019EEAA = {
						CreatedOnToolsVersion = 10.1;
					};
				};
			};
			buildConfigurationList = 117905AB21E391980019EEAA /* Build configuration list for PBXProject "KeepReceipt" */;
			compatibilityVersion = "Xcode 9.3";
			developmentRegion = en;
			hasScannedForEncodings = 0;
			knownRegions = (
				en,
				Base,
			);
			mainGroup = 117905A721E391980019EEAA;
			productRefGroup = 117905B121E391980019EEAA /* Products */;
			projectDirPath = "";
			projectRoot = "";
			targets = (
				117905AF21E391980019EEAA /* KeepReceipt */,
			);
		};
/* End PBXProject section */

/* Begin PBXResourcesBuildPhase section */
		117905AE21E391980019EEAA /* Resources */ = {
			isa = PBXResourcesBuildPhase;
			buildActionMask = 2147483647;
			files = (
				1179060D21E78C150019EEAA /* ReceiptTableViewCell.xib in Resources */,
				117905BE21E3919A0019EEAA /* LaunchScreen.storyboard in Resources */,
				117905BB21E3919A0019EEAA /* Assets.xcassets in Resources */,
				117905B921E391980019EEAA /* Main.storyboard in Resources */,
			);
			runOnlyForDeploymentPostprocessing = 0;
		};
/* End PBXResourcesBuildPhase section */

/* Begin PBXShellScriptBuildPhase section */
		275F1575D13E32765F1615E5 /* [CP] Check Pods Manifest.lock */ = {
			isa = PBXShellScriptBuildPhase;
			buildActionMask = 2147483647;
			files = (
			);
			inputFileListPaths = (
			);
			inputPaths = (
				"${PODS_PODFILE_DIR_PATH}/Podfile.lock",
				"${PODS_ROOT}/Manifest.lock",
			);
			name = "[CP] Check Pods Manifest.lock";
			outputFileListPaths = (
			);
			outputPaths = (
				"$(DERIVED_FILE_DIR)/Pods-KeepReceipt-checkManifestLockResult.txt",
			);
			runOnlyForDeploymentPostprocessing = 0;
			shellPath = /bin/sh;
			shellScript = "diff \"${PODS_PODFILE_DIR_PATH}/Podfile.lock\" \"${PODS_ROOT}/Manifest.lock\" > /dev/null\nif [ $? != 0 ] ; then\n    # print error to STDERR\n    echo \"error: The sandbox is not in sync with the Podfile.lock. Run 'pod install' or update your CocoaPods installation.\" >&2\n    exit 1\nfi\n# This output is used by Xcode 'outputs' to avoid re-running this script phase.\necho \"SUCCESS\" > \"${SCRIPT_OUTPUT_FILE_0}\"\n";
			showEnvVarsInLog = 0;
		};
		A08D751AC460BE758741E4DF /* [CP] Embed Pods Frameworks */ = {
			isa = PBXShellScriptBuildPhase;
			buildActionMask = 2147483647;
			files = (
			);
			inputFileListPaths = (
			);
			inputPaths = (
				"${SRCROOT}/Pods/Target Support Files/Pods-KeepReceipt/Pods-KeepReceipt-frameworks.sh",
				"${BUILT_PRODUCTS_DIR}/EmptyDataSet-Swift/EmptyDataSet_Swift.framework",
				"${BUILT_PRODUCTS_DIR}/Eureka/Eureka.framework",
				"${BUILT_PRODUCTS_DIR}/FSCalendar/FSCalendar.framework",
				"${BUILT_PRODUCTS_DIR}/NewPopMenu/PopMenu.framework",
				"${BUILT_PRODUCTS_DIR}/Realm/Realm.framework",
				"${BUILT_PRODUCTS_DIR}/RealmSwift/RealmSwift.framework",
				"${BUILT_PRODUCTS_DIR}/SVProgressHUD/SVProgressHUD.framework",
				"${BUILT_PRODUCTS_DIR}/SimpleImageViewer/SimpleImageViewer.framework",
			);
			name = "[CP] Embed Pods Frameworks";
			outputFileListPaths = (
			);
			outputPaths = (
				"${TARGET_BUILD_DIR}/${FRAMEWORKS_FOLDER_PATH}/EmptyDataSet_Swift.framework",
				"${TARGET_BUILD_DIR}/${FRAMEWORKS_FOLDER_PATH}/Eureka.framework",
				"${TARGET_BUILD_DIR}/${FRAMEWORKS_FOLDER_PATH}/FSCalendar.framework",
				"${TARGET_BUILD_DIR}/${FRAMEWORKS_FOLDER_PATH}/PopMenu.framework",
				"${TARGET_BUILD_DIR}/${FRAMEWORKS_FOLDER_PATH}/Realm.framework",
				"${TARGET_BUILD_DIR}/${FRAMEWORKS_FOLDER_PATH}/RealmSwift.framework",
				"${TARGET_BUILD_DIR}/${FRAMEWORKS_FOLDER_PATH}/SVProgressHUD.framework",
				"${TARGET_BUILD_DIR}/${FRAMEWORKS_FOLDER_PATH}/SimpleImageViewer.framework",
			);
			runOnlyForDeploymentPostprocessing = 0;
			shellPath = /bin/sh;
			shellScript = "\"${SRCROOT}/Pods/Target Support Files/Pods-KeepReceipt/Pods-KeepReceipt-frameworks.sh\"\n";
			showEnvVarsInLog = 0;
		};
/* End PBXShellScriptBuildPhase section */

/* Begin PBXSourcesBuildPhase section */
		117905AC21E391980019EEAA /* Sources */ = {
			isa = PBXSourcesBuildPhase;
			buildActionMask = 2147483647;
			files = (
				1179060C21E78C150019EEAA /* ReceiptTableViewCell.swift in Sources */,
				117905CA21E3DBD90019EEAA /* Receipt.swift in Sources */,
				1179060921E788220019EEAA /* UIService.swift in Sources */,
				1179060421E5B9540019EEAA /* AddOrEditReceiptViewController.swift in Sources */,
				117905B421E391980019EEAA /* AppDelegate.swift in Sources */,
				1179060221E5AEC30019EEAA /* RealmConfig.swift in Sources */,
				1179061321E8F8090019EEAA /* DatabaseService.swift in Sources */,
				1179061121E8D7DB0019EEAA /* ViewReceiptViewController.swift in Sources */,
				1177D87F21EFC30200DD9AD8 /* PickCategoryViewController.swift in Sources */,
				1179060021E5AAA50019EEAA /* AllReceiptsTableViewController.swift in Sources */,
				117905CC21E3DD820019EEAA /* Category.swift in Sources */,
				1179060721E6F8860019EEAA /* ImageService.swift in Sources */,
				1179060F21E84CD10019EEAA /* TextFormatService.swift in Sources */,
			);
			runOnlyForDeploymentPostprocessing = 0;
		};
/* End PBXSourcesBuildPhase section */

/* Begin PBXVariantGroup section */
		117905B721E391980019EEAA /* Main.storyboard */ = {
			isa = PBXVariantGroup;
			children = (
				117905B821E391980019EEAA /* Base */,
			);
			name = Main.storyboard;
			sourceTree = "<group>";
		};
		117905BC21E3919A0019EEAA /* LaunchScreen.storyboard */ = {
			isa = PBXVariantGroup;
			children = (
				117905BD21E3919A0019EEAA /* Base */,
			);
			name = LaunchScreen.storyboard;
			sourceTree = "<group>";
		};
/* End PBXVariantGroup section */

/* Begin XCBuildConfiguration section */
		117905C021E3919A0019EEAA /* Debug */ = {
			isa = XCBuildConfiguration;
			buildSettings = {
				ALWAYS_SEARCH_USER_PATHS = NO;
				CLANG_ANALYZER_NONNULL = YES;
				CLANG_ANALYZER_NUMBER_OBJECT_CONVERSION = YES_AGGRESSIVE;
				CLANG_CXX_LANGUAGE_STANDARD = "gnu++14";
				CLANG_CXX_LIBRARY = "libc++";
				CLANG_ENABLE_MODULES = YES;
				CLANG_ENABLE_OBJC_ARC = YES;
				CLANG_ENABLE_OBJC_WEAK = YES;
				CLANG_WARN_BLOCK_CAPTURE_AUTORELEASING = YES;
				CLANG_WARN_BOOL_CONVERSION = YES;
				CLANG_WARN_COMMA = YES;
				CLANG_WARN_CONSTANT_CONVERSION = YES;
				CLANG_WARN_DEPRECATED_OBJC_IMPLEMENTATIONS = YES;
				CLANG_WARN_DIRECT_OBJC_ISA_USAGE = YES_ERROR;
				CLANG_WARN_DOCUMENTATION_COMMENTS = YES;
				CLANG_WARN_EMPTY_BODY = YES;
				CLANG_WARN_ENUM_CONVERSION = YES;
				CLANG_WARN_INFINITE_RECURSION = YES;
				CLANG_WARN_INT_CONVERSION = YES;
				CLANG_WARN_NON_LITERAL_NULL_CONVERSION = YES;
				CLANG_WARN_OBJC_IMPLICIT_RETAIN_SELF = YES;
				CLANG_WARN_OBJC_LITERAL_CONVERSION = YES;
				CLANG_WARN_OBJC_ROOT_CLASS = YES_ERROR;
				CLANG_WARN_RANGE_LOOP_ANALYSIS = YES;
				CLANG_WARN_STRICT_PROTOTYPES = YES;
				CLANG_WARN_SUSPICIOUS_MOVE = YES;
				CLANG_WARN_UNGUARDED_AVAILABILITY = YES_AGGRESSIVE;
				CLANG_WARN_UNREACHABLE_CODE = YES;
				CLANG_WARN__DUPLICATE_METHOD_MATCH = YES;
				CODE_SIGN_IDENTITY = "iPhone Developer";
				COPY_PHASE_STRIP = NO;
				DEBUG_INFORMATION_FORMAT = dwarf;
				ENABLE_STRICT_OBJC_MSGSEND = YES;
				ENABLE_TESTABILITY = YES;
				GCC_C_LANGUAGE_STANDARD = gnu11;
				GCC_DYNAMIC_NO_PIC = NO;
				GCC_NO_COMMON_BLOCKS = YES;
				GCC_OPTIMIZATION_LEVEL = 0;
				GCC_PREPROCESSOR_DEFINITIONS = (
					"DEBUG=1",
					"$(inherited)",
				);
				GCC_WARN_64_TO_32_BIT_CONVERSION = YES;
				GCC_WARN_ABOUT_RETURN_TYPE = YES_ERROR;
				GCC_WARN_UNDECLARED_SELECTOR = YES;
				GCC_WARN_UNINITIALIZED_AUTOS = YES_AGGRESSIVE;
				GCC_WARN_UNUSED_FUNCTION = YES;
				GCC_WARN_UNUSED_VARIABLE = YES;
				IPHONEOS_DEPLOYMENT_TARGET = 12.1;
				MTL_ENABLE_DEBUG_INFO = INCLUDE_SOURCE;
				MTL_FAST_MATH = YES;
				ONLY_ACTIVE_ARCH = YES;
				SDKROOT = iphoneos;
				SWIFT_ACTIVE_COMPILATION_CONDITIONS = DEBUG;
				SWIFT_OPTIMIZATION_LEVEL = "-Onone";
			};
			name = Debug;
		};
		117905C121E3919A0019EEAA /* Release */ = {
			isa = XCBuildConfiguration;
			buildSettings = {
				ALWAYS_SEARCH_USER_PATHS = NO;
				CLANG_ANALYZER_NONNULL = YES;
				CLANG_ANALYZER_NUMBER_OBJECT_CONVERSION = YES_AGGRESSIVE;
				CLANG_CXX_LANGUAGE_STANDARD = "gnu++14";
				CLANG_CXX_LIBRARY = "libc++";
				CLANG_ENABLE_MODULES = YES;
				CLANG_ENABLE_OBJC_ARC = YES;
				CLANG_ENABLE_OBJC_WEAK = YES;
				CLANG_WARN_BLOCK_CAPTURE_AUTORELEASING = YES;
				CLANG_WARN_BOOL_CONVERSION = YES;
				CLANG_WARN_COMMA = YES;
				CLANG_WARN_CONSTANT_CONVERSION = YES;
				CLANG_WARN_DEPRECATED_OBJC_IMPLEMENTATIONS = YES;
				CLANG_WARN_DIRECT_OBJC_ISA_USAGE = YES_ERROR;
				CLANG_WARN_DOCUMENTATION_COMMENTS = YES;
				CLANG_WARN_EMPTY_BODY = YES;
				CLANG_WARN_ENUM_CONVERSION = YES;
				CLANG_WARN_INFINITE_RECURSION = YES;
				CLANG_WARN_INT_CONVERSION = YES;
				CLANG_WARN_NON_LITERAL_NULL_CONVERSION = YES;
				CLANG_WARN_OBJC_IMPLICIT_RETAIN_SELF = YES;
				CLANG_WARN_OBJC_LITERAL_CONVERSION = YES;
				CLANG_WARN_OBJC_ROOT_CLASS = YES_ERROR;
				CLANG_WARN_RANGE_LOOP_ANALYSIS = YES;
				CLANG_WARN_STRICT_PROTOTYPES = YES;
				CLANG_WARN_SUSPICIOUS_MOVE = YES;
				CLANG_WARN_UNGUARDED_AVAILABILITY = YES_AGGRESSIVE;
				CLANG_WARN_UNREACHABLE_CODE = YES;
				CLANG_WARN__DUPLICATE_METHOD_MATCH = YES;
				CODE_SIGN_IDENTITY = "iPhone Developer";
				COPY_PHASE_STRIP = NO;
				DEBUG_INFORMATION_FORMAT = "dwarf-with-dsym";
				ENABLE_NS_ASSERTIONS = NO;
				ENABLE_STRICT_OBJC_MSGSEND = YES;
				GCC_C_LANGUAGE_STANDARD = gnu11;
				GCC_NO_COMMON_BLOCKS = YES;
				GCC_WARN_64_TO_32_BIT_CONVERSION = YES;
				GCC_WARN_ABOUT_RETURN_TYPE = YES_ERROR;
				GCC_WARN_UNDECLARED_SELECTOR = YES;
				GCC_WARN_UNINITIALIZED_AUTOS = YES_AGGRESSIVE;
				GCC_WARN_UNUSED_FUNCTION = YES;
				GCC_WARN_UNUSED_VARIABLE = YES;
				IPHONEOS_DEPLOYMENT_TARGET = 12.1;
				MTL_ENABLE_DEBUG_INFO = NO;
				MTL_FAST_MATH = YES;
				SDKROOT = iphoneos;
				SWIFT_COMPILATION_MODE = wholemodule;
				SWIFT_OPTIMIZATION_LEVEL = "-O";
				VALIDATE_PRODUCT = YES;
			};
			name = Release;
		};
		117905C321E3919A0019EEAA /* Debug */ = {
			isa = XCBuildConfiguration;
			baseConfigurationReference = 10CBB929F2160907E4CE89E3 /* Pods-KeepReceipt.debug.xcconfig */;
			buildSettings = {
				ASSETCATALOG_COMPILER_APPICON_NAME = AppIcon;
				CODE_SIGN_STYLE = Automatic;
				DEVELOPMENT_TEAM = P2M6BCPR7S;
				INFOPLIST_FILE = KeepReceipt/Info.plist;
				LD_RUNPATH_SEARCH_PATHS = (
					"$(inherited)",
					"@executable_path/Frameworks",
				);
				PRODUCT_BUNDLE_IDENTIFIER = com.jiafrank.KeepReceipt;
				PRODUCT_NAME = "$(TARGET_NAME)";
				SWIFT_VERSION = 4.2;
				TARGETED_DEVICE_FAMILY = "1,2";
			};
			name = Debug;
		};
		117905C421E3919A0019EEAA /* Release */ = {
			isa = XCBuildConfiguration;
			baseConfigurationReference = C17B31690DDEB95C096260ED /* Pods-KeepReceipt.release.xcconfig */;
			buildSettings = {
				ASSETCATALOG_COMPILER_APPICON_NAME = AppIcon;
				CODE_SIGN_STYLE = Automatic;
				DEVELOPMENT_TEAM = P2M6BCPR7S;
				INFOPLIST_FILE = KeepReceipt/Info.plist;
				LD_RUNPATH_SEARCH_PATHS = (
					"$(inherited)",
					"@executable_path/Frameworks",
				);
				PRODUCT_BUNDLE_IDENTIFIER = com.jiafrank.KeepReceipt;
				PRODUCT_NAME = "$(TARGET_NAME)";
				SWIFT_VERSION = 4.2;
				TARGETED_DEVICE_FAMILY = "1,2";
			};
			name = Release;
		};
/* End XCBuildConfiguration section */

/* Begin XCConfigurationList section */
		117905AB21E391980019EEAA /* Build configuration list for PBXProject "KeepReceipt" */ = {
			isa = XCConfigurationList;
			buildConfigurations = (
				117905C021E3919A0019EEAA /* Debug */,
				117905C121E3919A0019EEAA /* Release */,
			);
			defaultConfigurationIsVisible = 0;
			defaultConfigurationName = Release;
		};
		117905C221E3919A0019EEAA /* Build configuration list for PBXNativeTarget "KeepReceipt" */ = {
			isa = XCConfigurationList;
			buildConfigurations = (
				117905C321E3919A0019EEAA /* Debug */,
				117905C421E3919A0019EEAA /* Release */,
			);
			defaultConfigurationIsVisible = 0;
			defaultConfigurationName = Release;
		};
/* End XCConfigurationList section */
	};
	rootObject = 117905A821E391980019EEAA /* Project object */;
}
